
Microsoft Visual Studio Solution File, Format Version 12.00
# Visual Studio 2013
VisualStudioVersion = 12.0.31101.0
MinimumVisualStudioVersion = 10.0.40219.1
Project("{FAE04EC0-301F-11D3-BF4B-00C04F79EFBC}") = "NReco.Recommender.Tests", "NReco.Recommender.Tests\NReco.Recommender.Tests.csproj", "{917A99F0-A2A4-4A14-B40C-D83BC3922BF4}"
EndProject
Project("{FAE04EC0-301F-11D3-BF4B-00C04F79EFBC}") = "NReco.Recommender.Examples.MovieLensMvc", "NReco.Recommender.Examples.MovieLensMvc\NReco.Recommender.Examples.MovieLensMvc.csproj", "{35234475-F13A-4692-AD9E-52A89420D72D}"
EndProject
Global
	GlobalSection(SolutionConfigurationPlatforms) = preSolution
		Debug|Any CPU = Debug|Any CPU
		Release|Any CPU = Release|Any CPU
	EndGlobalSection
	GlobalSection(ProjectConfigurationPlatforms) = postSolution
		{917A99F0-A2A4-4A14-B40C-D83BC3922BF4}.Debug|Any CPU.ActiveCfg = Debug|Any CPU
		{917A99F0-A2A4-4A14-B40C-D83BC3922BF4}.Debug|Any CPU.Build.0 = Debug|Any CPU
		{917A99F0-A2A4-4A14-B40C-D83BC3922BF4}.Release|Any CPU.ActiveCfg = Release|Any CPU
		{917A99F0-A2A4-4A14-B40C-D83BC3922BF4}.Release|Any CPU.Build.0 = Release|Any CPU
		{35234475-F13A-4692-AD9E-52A89420D72D}.Debug|Any CPU.ActiveCfg = Debug|Any CPU
		{35234475-F13A-4692-AD9E-52A89420D72D}.Debug|Any CPU.Build.0 = Debug|Any CPU
		{35234475-F13A-4692-AD9E-52A89420D72D}.Release|Any CPU.ActiveCfg = Release|Any CPU
		{35234475-F13A-4692-AD9E-52A89420D72D}.Release|Any CPU.Build.0 = Release|Any CPU
	EndGlobalSection
	GlobalSection(SolutionProperties) = preSolution
		HideSolutionNode = FALSE
	EndGlobalSection
EndGlobal
